dependencies:
- name: loki
  repository: https://grafana.github.io/helm-charts
  version: 2.5.0
- name: prometheus-adapter
  repository: https://prometheus-community.github.io/helm-charts
  version: 2.12.1
- name: kube-prometheus-stack
  repository: https://prometheus-community.github.io/helm-charts
  version: 14.4.0
- name: promtail
  repository: https://grafana.github.io/helm-charts
  version: 3.5.0
- name: traefik
  repository: https://helm.traefik.io/traefik
  version: 9.18.1
digest: sha256:6b4ad0908b180d2e868abeaed94276664e47cdd2296dd85369773e6f4b504efe
generated: "2021-04-01T11:05:06.520935-05:00"
