dependencies:
- name: loki
  repository: https://grafana.github.io/helm-charts
  version: 2.5.0
- name: prometheus-adapter
  repository: https://prometheus-community.github.io/helm-charts
  version: 2.12.1
- name: kube-prometheus-stack
  repository: https://prometheus-community.github.io/helm-charts
  version: 14.4.0
- name: promtail
  repository: https://grafana.github.io/helm-charts
  version: 3.5.0
- name: traefik
  repository: https://helm.traefik.io/traefik
  version: 9.18.2
digest: sha256:a02c10b94270d61451a5041647aa6b979c96ffcec1d7c3642650ee54c134b00b
generated: "2021-04-09T14:37:54.434654-05:00"
