dependencies:
- name: loki
  repository: https://grafana.github.io/helm-charts
  version: 2.5.0
- name: prometheus-adapter
  repository: https://prometheus-community.github.io/helm-charts
  version: 2.12.1
- name: kube-prometheus-stack
  repository: https://prometheus-community.github.io/helm-charts
  version: 14.4.0
- name: promtail
  repository: https://grafana.github.io/helm-charts
  version: 3.5.0
- name: traefik
  repository: https://helm.traefik.io/traefik
  version: 9.18.2
digest: sha256:59fdfd81e97178f43add7de1a9adf9ba7adffee509d85fcf51cd8841a85d2de2
generated: "2021-04-08T11:02:55.876954-05:00"
