dependencies:
- name: loki-stack
  repository: https://grafana.github.io/loki/charts
  version: 0.41.2
- name: prometheus-adapter
  repository: https://prometheus-community.github.io/helm-charts
  version: 2.7.0
- name: kube-prometheus-stack
  repository: https://prometheus-community.github.io/helm-charts
  version: 10.1.0
- name: traefik
  repository: https://helm.traefik.io/traefik
  version: 9.5.1
digest: sha256:89ea57c56c007d7c115568b7d6377fa3390330d0ade1f9bdfe708749bce7fef2
generated: "2020-10-14T10:25:56.114612-05:00"
