dependencies:
- name: hedera-mirror-grpc
  repository: file://../hedera-mirror-grpc
  version: 0.18.0-rc1
- name: hedera-mirror-importer
  repository: file://../hedera-mirror-importer
  version: 0.18.0-rc1
- name: hedera-mirror-monitor
  repository: file://../hedera-mirror-monitor
  version: 0.18.0-rc1
- name: postgresql-ha
  repository: https://charts.bitnami.com/bitnami
  version: 6.8.4
- name: redis
  repository: https://charts.bitnami.com/bitnami
  version: 12.10.1
- name: hedera-mirror-rest
  repository: file://../hedera-mirror-rest
  version: 0.18.0-rc1
- name: timescaledb-single
  repository: https://raw.githubusercontent.com/timescale/timescaledb-kubernetes/master/charts/repo/
  version: 0.8.2
digest: sha256:0961730bd887af0ac2cb9b8b75cab35a6db74939639ce32d0bd44d53cfc6c700
generated: "2021-04-13T13:01:22.15536-05:00"
