dependencies:
- name: hedera-mirror-grpc
  repository: file://../hedera-mirror-grpc
  version: 0.17.0-rc1
- name: hedera-mirror-importer
  repository: file://../hedera-mirror-importer
  version: 0.17.0-rc1
- name: hedera-mirror-monitor
  repository: file://../hedera-mirror-monitor
  version: 0.17.0-rc1
- name: postgresql-ha
  repository: https://charts.bitnami.com/bitnami
  version: 6.3.7
- name: redis
  repository: https://charts.bitnami.com/bitnami
  version: 12.2.4
- name: hedera-mirror-rest
  repository: file://../hedera-mirror-rest
  version: 0.17.0-rc1
- name: timescaledb-single
  repository: https://raw.githubusercontent.com/timescale/timescaledb-kubernetes/master/charts/repo/
  version: 0.8.2
digest: sha256:d5f30f8ee9efb62e121a505a58f25939627badef31d8072dd9898166df4e957c
generated: "2021-03-25T15:19:33.153529-05:00"
