dependencies:
- name: hedera-mirror-grpc
  repository: file://../hedera-mirror-grpc
  version: 0.1.0
- name: hedera-mirror-importer
  repository: file://../hedera-mirror-importer
  version: 0.1.0
- name: loki-stack
  repository: https://grafana.github.io/loki/charts
  version: 0.36.0
- name: postgresql-ha
  repository: https://charts.bitnami.com/bitnami
  version: 2.3.1
- name: prometheus-adapter
  repository: https://kubernetes-charts.storage.googleapis.com/
  version: 2.2.0
- name: prometheus-operator
  repository: https://kubernetes-charts.storage.googleapis.com
  version: 8.12.15
- name: hedera-mirror-rest
  repository: file://../hedera-mirror-rest
  version: 0.1.0
- name: traefik
  repository: https://containous.github.io/traefik-helm-chart
  version: 8.0.3
digest: sha256:d8c5f1d1b12d075fb55d39b37ba089f02c65b6d13502ad958bd3f3b3b7036d15
generated: "2020-04-22T16:10:49.813263-05:00"
