dependencies:
- name: hedera-mirror-grpc
  repository: file://../hedera-mirror-grpc
  version: 0.1.0
- name: hedera-mirror-importer
  repository: file://../hedera-mirror-importer
  version: 0.1.0
- name: loki-stack
  repository: https://grafana.github.io/loki/charts
  version: ~0.32.1
- name: postgresql
  repository: https://charts.bitnami.com/bitnami
  version: 8.6.9
- name: prometheus-adapter
  repository: https://kubernetes-charts.storage.googleapis.com/
  version: 2.1.3
- name: prometheus-operator
  repository: https://kubernetes-charts.storage.googleapis.com
  version: 8.12.3
- name: hedera-mirror-rest
  repository: file://../hedera-mirror-rest
  version: 0.1.0
digest: sha256:c37dadabd84d48e97741fd7aa72532802ebfdeb90a59b9471e91441ed47c2874
generated: "2020-03-24T14:50:11.039684-05:00"
