dependencies:
- name: hedera-mirror-grpc
  repository: file://../hedera-mirror-grpc
  version: 0.6.0
- name: hedera-mirror-importer
  repository: file://../hedera-mirror-importer
  version: 0.6.0
- name: postgresql-ha
  repository: https://charts.bitnami.com/bitnami
  version: 3.4.9
- name: hedera-mirror-rest
  repository: file://../hedera-mirror-rest
  version: 0.6.0
digest: sha256:7c117555ebcc1405fd5986f6259eb7bd67361c47926b34d354d6d1dd2dbb817e
generated: "2020-09-21T10:29:07.730729-05:00"
